// !$*UTF8*$!
{
	archiveVersion = 1;
	classes = {
	};
	objectVersion = 46;
	objects = {

/* Begin PBXBuildFile section */
		540158601A8D22DE0060CC71 /* artwork2.png in Resources */ = {isa = PBXBuildFile; fileRef = 5401585E1A8D22DE0060CC71 /* artwork2.png */; };
		540158631A8D25220060CC71 /* SplashScreen_Initial3.png in Resources */ = {isa = PBXBuildFile; fileRef = 540158621A8D25220060CC71 /* SplashScreen_Initial3.png */; };
		BA1983081A8C1E31008CD020 /* AppDelegate.swift in Sources */ = {isa = PBXBuildFile; fileRef = BA1983071A8C1E31008CD020 /* AppDelegate.swift */; };
		BA19830A1A8C1E31008CD020 /* ProfileFeedViewController.swift in Sources */ = {isa = PBXBuildFile; fileRef = BA1983091A8C1E31008CD020 /* ProfileFeedViewController.swift */; };
		BA19830D1A8C1E31008CD020 /* Main.storyboard in Resources */ = {isa = PBXBuildFile; fileRef = BA19830B1A8C1E31008CD020 /* Main.storyboard */; };
		BA19830F1A8C1E31008CD020 /* Images.xcassets in Resources */ = {isa = PBXBuildFile; fileRef = BA19830E1A8C1E31008CD020 /* Images.xcassets */; };
		BA1983121A8C1E31008CD020 /* LaunchScreen.xib in Resources */ = {isa = PBXBuildFile; fileRef = BA1983101A8C1E31008CD020 /* LaunchScreen.xib */; };
		BA19831E1A8C1E32008CD020 /* CatalystTests.swift in Sources */ = {isa = PBXBuildFile; fileRef = BA19831D1A8C1E32008CD020 /* CatalystTests.swift */; };
		BAB58A3D1A8C687B0043F3F3 /* APIController.swift in Sources */ = {isa = PBXBuildFile; fileRef = BAB58A3C1A8C687B0043F3F3 /* APIController.swift */; };
/* End PBXBuildFile section */

/* Begin PBXContainerItemProxy section */
		BA1983181A8C1E32008CD020 /* PBXContainerItemProxy */ = {
			isa = PBXContainerItemProxy;
			containerPortal = BA1982FA1A8C1E31008CD020 /* Project object */;
			proxyType = 1;
			remoteGlobalIDString = BA1983011A8C1E31008CD020;
			remoteInfo = Catalyst;
		};
/* End PBXContainerItemProxy section */

/* Begin PBXFileReference section */
		5401585E1A8D22DE0060CC71 /* artwork2.png */ = {isa = PBXFileReference; lastKnownFileType = image.png; path = artwork2.png; sourceTree = "<group>"; };
		540158621A8D25220060CC71 /* SplashScreen_Initial3.png */ = {isa = PBXFileReference; lastKnownFileType = image.png; path = SplashScreen_Initial3.png; sourceTree = "<group>"; };
		BA1983021A8C1E31008CD020 /* Catalyst.app */ = {isa = PBXFileReference; explicitFileType = wrapper.application; includeInIndex = 0; path = Catalyst.app; sourceTree = BUILT_PRODUCTS_DIR; };
		BA1983061A8C1E31008CD020 /* Info.plist */ = {isa = PBXFileReference; lastKnownFileType = text.plist.xml; path = Info.plist; sourceTree = "<group>"; };
		BA1983071A8C1E31008CD020 /* AppDelegate.swift */ = {isa = PBXFileReference; lastKnownFileType = sourcecode.swift; path = AppDelegate.swift; sourceTree = "<group>"; };
		BA1983091A8C1E31008CD020 /* ProfileFeedViewController.swift */ = {isa = PBXFileReference; lastKnownFileType = sourcecode.swift; path = ProfileFeedViewController.swift; sourceTree = "<group>"; };
		BA19830C1A8C1E31008CD020 /* Base */ = {isa = PBXFileReference; lastKnownFileType = file.storyboard; name = Base; path = Base.lproj/Main.storyboard; sourceTree = "<group>"; };
		BA19830E1A8C1E31008CD020 /* Images.xcassets */ = {isa = PBXFileReference; lastKnownFileType = folder.assetcatalog; path = Images.xcassets; sourceTree = "<group>"; };
		BA1983111A8C1E31008CD020 /* Base */ = {isa = PBXFileReference; lastKnownFileType = file.xib; name = Base; path = Base.lproj/LaunchScreen.xib; sourceTree = "<group>"; };
		BA1983171A8C1E32008CD020 /* CatalystTests.xctest */ = {isa = PBXFileReference; explicitFileType = wrapper.cfbundle; includeInIndex = 0; path = CatalystTests.xctest; sourceTree = BUILT_PRODUCTS_DIR; };
		BA19831C1A8C1E32008CD020 /* Info.plist */ = {isa = PBXFileReference; lastKnownFileType = text.plist.xml; path = Info.plist; sourceTree = "<group>"; };
		BA19831D1A8C1E32008CD020 /* CatalystTests.swift */ = {isa = PBXFileReference; lastKnownFileType = sourcecode.swift; path = CatalystTests.swift; sourceTree = "<group>"; };
		BAB58A3C1A8C687B0043F3F3 /* APIController.swift */ = {isa = PBXFileReference; fileEncoding = 4; lastKnownFileType = sourcecode.swift; path = APIController.swift; sourceTree = "<group>"; };
/* End PBXFileReference section */

/* Begin PBXFrameworksBuildPhase section */
		BA1982FF1A8C1E31008CD020 /* Frameworks */ = {
			isa = PBXFrameworksBuildPhase;
			buildActionMask = 2147483647;
			files = (
			);
			runOnlyForDeploymentPostprocessing = 0;
		};
		BA1983141A8C1E32008CD020 /* Frameworks */ = {
			isa = PBXFrameworksBuildPhase;
			buildActionMask = 2147483647;
			files = (
			);
			runOnlyForDeploymentPostprocessing = 0;
		};
/* End PBXFrameworksBuildPhase section */

/* Begin PBXGroup section */
		BA1982F91A8C1E31008CD020 = {
			isa = PBXGroup;
			children = (
				BA1983041A8C1E31008CD020 /* Catalyst */,
				BA19831A1A8C1E32008CD020 /* CatalystTests */,
				BA1983031A8C1E31008CD020 /* Products */,
			);
			sourceTree = "<group>";
		};
		BA1983031A8C1E31008CD020 /* Products */ = {
			isa = PBXGroup;
			children = (
				BA1983021A8C1E31008CD020 /* Catalyst.app */,
				BA1983171A8C1E32008CD020 /* CatalystTests.xctest */,
			);
			name = Products;
			sourceTree = "<group>";
		};
		BA1983041A8C1E31008CD020 /* Catalyst */ = {
			isa = PBXGroup;
			children = (
				540158621A8D25220060CC71 /* SplashScreen_Initial3.png */,
				5401585E1A8D22DE0060CC71 /* artwork2.png */,
				BA1983071A8C1E31008CD020 /* AppDelegate.swift */,
				BA1983091A8C1E31008CD020 /* ProfileFeedViewController.swift */,
				BA19830B1A8C1E31008CD020 /* Main.storyboard */,
				BA19830E1A8C1E31008CD020 /* Images.xcassets */,
				BA1983101A8C1E31008CD020 /* LaunchScreen.xib */,
				BA1983051A8C1E31008CD020 /* Supporting Files */,
				BAB58A3C1A8C687B0043F3F3 /* APIController.swift */,
			);
			path = Catalyst;
			sourceTree = "<group>";
		};
		BA1983051A8C1E31008CD020 /* Supporting Files */ = {
			isa = PBXGroup;
			children = (
				BA1983061A8C1E31008CD020 /* Info.plist */,
			);
			name = "Supporting Files";
			sourceTree = "<group>";
		};
		BA19831A1A8C1E32008CD020 /* CatalystTests */ = {
			isa = PBXGroup;
			children = (
				BA19831D1A8C1E32008CD020 /* CatalystTests.swift */,
				BA19831B1A8C1E32008CD020 /* Supporting Files */,
			);
			path = CatalystTests;
			sourceTree = "<group>";
		};
		BA19831B1A8C1E32008CD020 /* Supporting Files */ = {
			isa = PBXGroup;
			children = (
				BA19831C1A8C1E32008CD020 /* Info.plist */,
			);
			name = "Supporting Files";
			sourceTree = "<group>";
		};
/* End PBXGroup section */

/* Begin PBXNativeTarget section */
		BA1983011A8C1E31008CD020 /* Catalyst */ = {
			isa = PBXNativeTarget;
			buildConfigurationList = BA1983211A8C1E32008CD020 /* Build configuration list for PBXNativeTarget "Catalyst" */;
			buildPhases = (
				BA1982FE1A8C1E31008CD020 /* Sources */,
				BA1982FF1A8C1E31008CD020 /* Frameworks */,
				BA1983001A8C1E31008CD020 /* Resources */,
			);
			buildRules = (
			);
			dependencies = (
			);
			name = Catalyst;
			productName = Catalyst;
			productReference = BA1983021A8C1E31008CD020 /* Catalyst.app */;
			productType = "com.apple.product-type.application";
		};
		BA1983161A8C1E32008CD020 /* CatalystTests */ = {
			isa = PBXNativeTarget;
			buildConfigurationList = BA1983241A8C1E32008CD020 /* Build configuration list for PBXNativeTarget "CatalystTests" */;
			buildPhases = (
				BA1983131A8C1E32008CD020 /* Sources */,
				BA1983141A8C1E32008CD020 /* Frameworks */,
				BA1983151A8C1E32008CD020 /* Resources */,
			);
			buildRules = (
			);
			dependencies = (
				BA1983191A8C1E32008CD020 /* PBXTargetDependency */,
			);
			name = CatalystTests;
			productName = CatalystTests;
			productReference = BA1983171A8C1E32008CD020 /* CatalystTests.xctest */;
			productType = "com.apple.product-type.bundle.unit-test";
		};
/* End PBXNativeTarget section */

/* Begin PBXProject section */
		BA1982FA1A8C1E31008CD020 /* Project object */ = {
			isa = PBXProject;
			attributes = {
				LastUpgradeCheck = 0610;
				ORGANIZATIONNAME = Design9;
				TargetAttributes = {
					BA1983011A8C1E31008CD020 = {
						CreatedOnToolsVersion = 6.1.1;
					};
					BA1983161A8C1E32008CD020 = {
						CreatedOnToolsVersion = 6.1.1;
						TestTargetID = BA1983011A8C1E31008CD020;
					};
				};
			};
			buildConfigurationList = BA1982FD1A8C1E31008CD020 /* Build configuration list for PBXProject "Catalyst" */;
			compatibilityVersion = "Xcode 3.2";
			developmentRegion = English;
			hasScannedForEncodings = 0;
			knownRegions = (
				en,
				Base,
			);
			mainGroup = BA1982F91A8C1E31008CD020;
			productRefGroup = BA1983031A8C1E31008CD020 /* Products */;
			projectDirPath = "";
			projectRoot = "";
			targets = (
				BA1983011A8C1E31008CD020 /* Catalyst */,
				BA1983161A8C1E32008CD020 /* CatalystTests */,
			);
		};
/* End PBXProject section */

/* Begin PBXResourcesBuildPhase section */
		BA1983001A8C1E31008CD020 /* Resources */ = {
			isa = PBXResourcesBuildPhase;
			buildActionMask = 2147483647;
			files = (
				540158631A8D25220060CC71 /* SplashScreen_Initial3.png in Resources */,
				BA19830D1A8C1E31008CD020 /* Main.storyboard in Resources */,
				BA1983121A8C1E31008CD020 /* LaunchScreen.xib in Resources */,
				BA19830F1A8C1E31008CD020 /* Images.xcassets in Resources */,
				540158601A8D22DE0060CC71 /* artwork2.png in Resources */,
			);
			runOnlyForDeploymentPostprocessing = 0;
		};
		BA1983151A8C1E32008CD020 /* Resources */ = {
			isa = PBXResourcesBuildPhase;
			buildActionMask = 2147483647;
			files = (
			);
			runOnlyForDeploymentPostprocessing = 0;
		};
/* End PBXResourcesBuildPhase section */

/* Begin PBXSourcesBuildPhase section */
		BA1982FE1A8C1E31008CD020 /* Sources */ = {
			isa = PBXSourcesBuildPhase;
			buildActionMask = 2147483647;
			files = (
				BA19830A1A8C1E31008CD020 /* ProfileFeedViewController.swift in Sources */,
				BA1983081A8C1E31008CD020 /* AppDelegate.swift in Sources */,
				BAB58A3D1A8C687B0043F3F3 /* APIController.swift in Sources */,
			);
			runOnlyForDeploymentPostprocessing = 0;
		};
		BA1983131A8C1E32008CD020 /* Sources */ = {
			isa = PBXSourcesBuildPhase;
			buildActionMask = 2147483647;
			files = (
				BA19831E1A8C1E32008CD020 /* CatalystTests.swift in Sources */,
			);
			runOnlyForDeploymentPostprocessing = 0;
		};
/* End PBXSourcesBuildPhase section */

/* Begin PBXTargetDependency section */
		BA1983191A8C1E32008CD020 /* PBXTargetDependency */ = {
			isa = PBXTargetDependency;
			target = BA1983011A8C1E31008CD020 /* Catalyst */;
			targetProxy = BA1983181A8C1E32008CD020 /* PBXContainerItemProxy */;
		};
/* End PBXTargetDependency section */

/* Begin PBXVariantGroup section */
		BA19830B1A8C1E31008CD020 /* Main.storyboard */ = {
			isa = PBXVariantGroup;
			children = (
				BA19830C1A8C1E31008CD020 /* Base */,
			);
			name = Main.storyboard;
			sourceTree = "<group>";
		};
		BA1983101A8C1E31008CD020 /* LaunchScreen.xib */ = {
			isa = PBXVariantGroup;
			children = (
				BA1983111A8C1E31008CD020 /* Base */,
			);
			name = LaunchScreen.xib;
			sourceTree = "<group>";
		};
/* End PBXVariantGroup section */

/* Begin XCBuildConfiguration section */
		BA19831F1A8C1E32008CD020 /* Debug */ = {
			isa = XCBuildConfiguration;
			buildSettings = {
				ALWAYS_SEARCH_USER_PATHS = NO;
				CLANG_CXX_LANGUAGE_STANDARD = "gnu++0x";
				CLANG_CXX_LIBRARY = "libc++";
				CLANG_ENABLE_MODULES = YES;
				CLANG_ENABLE_OBJC_ARC = YES;
				CLANG_WARN_BOOL_CONVERSION = YES;
				CLANG_WARN_CONSTANT_CONVERSION = YES;
				CLANG_WARN_DIRECT_OBJC_ISA_USAGE = YES_ERROR;
				CLANG_WARN_EMPTY_BODY = YES;
				CLANG_WARN_ENUM_CONVERSION = YES;
				CLANG_WARN_INT_CONVERSION = YES;
				CLANG_WARN_OBJC_ROOT_CLASS = YES_ERROR;
				CLANG_WARN_UNREACHABLE_CODE = YES;
				CLANG_WARN__DUPLICATE_METHOD_MATCH = YES;
				"CODE_SIGN_IDENTITY[sdk=iphoneos*]" = "iPhone Developer";
				COPY_PHASE_STRIP = NO;
				ENABLE_STRICT_OBJC_MSGSEND = YES;
				GCC_C_LANGUAGE_STANDARD = gnu99;
				GCC_DYNAMIC_NO_PIC = NO;
				GCC_OPTIMIZATION_LEVEL = 0;
				GCC_PREPROCESSOR_DEFINITIONS = (
					"DEBUG=1",
					"$(inherited)",
				);
				GCC_SYMBOLS_PRIVATE_EXTERN = NO;
				GCC_WARN_64_TO_32_BIT_CONVERSION = YES;
				GCC_WARN_ABOUT_RETURN_TYPE = YES_ERROR;
				GCC_WARN_UNDECLARED_SELECTOR = YES;
				GCC_WARN_UNINITIALIZED_AUTOS = YES_AGGRESSIVE;
				GCC_WARN_UNUSED_FUNCTION = YES;
				GCC_WARN_UNUSED_VARIABLE = YES;
				IPHONEOS_DEPLOYMENT_TARGET = 8.1;
				MTL_ENABLE_DEBUG_INFO = YES;
				ONLY_ACTIVE_ARCH = YES;
				SDKROOT = iphoneos;
				SWIFT_OPTIMIZATION_LEVEL = "-Onone";
			};
			name = Debug;
		};
		BA1983201A8C1E32008CD020 /* Release */ = {
			isa = XCBuildConfiguration;
			buildSettings = {
				ALWAYS_SEARCH_USER_PATHS = NO;
				CLANG_CXX_LANGUAGE_STANDARD = "gnu++0x";
				CLANG_CXX_LIBRARY = "libc++";
				CLANG_ENABLE_MODULES = YES;
				CLANG_ENABLE_OBJC_ARC = YES;
				CLANG_WARN_BOOL_CONVERSION = YES;
				CLANG_WARN_CONSTANT_CONVERSION = YES;
				CLANG_WARN_DIRECT_OBJC_ISA_USAGE = YES_ERROR;
				CLANG_WARN_EMPTY_BODY = YES;
				CLANG_WARN_ENUM_CONVERSION = YES;
				CLANG_WARN_INT_CONVERSION = YES;
				CLANG_WARN_OBJC_ROOT_CLASS = YES_ERROR;
				CLANG_WARN_UNREACHABLE_CODE = YES;
				CLANG_WARN__DUPLICATE_METHOD_MATCH = YES;
				"CODE_SIGN_IDENTITY[sdk=iphoneos*]" = "iPhone Developer";
				COPY_PHASE_STRIP = YES;
				ENABLE_NS_ASSERTIONS = NO;
				ENABLE_STRICT_OBJC_MSGSEND = YES;
				GCC_C_LANGUAGE_STANDARD = gnu99;
				GCC_WARN_64_TO_32_BIT_CONVERSION = YES;
				GCC_WARN_ABOUT_RETURN_TYPE = YES_ERROR;
				GCC_WARN_UNDECLARED_SELECTOR = YES;
				GCC_WARN_UNINITIALIZED_AUTOS = YES_AGGRESSIVE;
				GCC_WARN_UNUSED_FUNCTION = YES;
				GCC_WARN_UNUSED_VARIABLE = YES;
				IPHONEOS_DEPLOYMENT_TARGET = 8.1;
				MTL_ENABLE_DEBUG_INFO = NO;
				SDKROOT = iphoneos;
				VALIDATE_PRODUCT = YES;
			};
			name = Release;
		};
		BA1983221A8C1E32008CD020 /* Debug */ = {
			isa = XCBuildConfiguration;
			buildSettings = {
				ASSETCATALOG_COMPILER_APPICON_NAME = AppIcon;
				INFOPLIST_FILE = Catalyst/Info.plist;
				LD_RUNPATH_SEARCH_PATHS = "$(inherited) @executable_path/Frameworks";
				PRODUCT_NAME = "$(TARGET_NAME)";
			};
			name = Debug;
		};
		BA1983231A8C1E32008CD020 /* Release */ = {
			isa = XCBuildConfiguration;
			buildSettings = {
				ASSETCATALOG_COMPILER_APPICON_NAME = AppIcon;
				INFOPLIST_FILE = Catalyst/Info.plist;
				LD_RUNPATH_SEARCH_PATHS = "$(inherited) @executable_path/Frameworks";
				PRODUCT_NAME = "$(TARGET_NAME)";
			};
			name = Release;
		};
		BA1983251A8C1E32008CD020 /* Debug */ = {
			isa = XCBuildConfiguration;
			buildSettings = {
				BUNDLE_LOADER = "$(TEST_HOST)";
				FRAMEWORK_SEARCH_PATHS = (
					"$(SDKROOT)/Developer/Library/Frameworks",
					"$(inherited)",
				);
				GCC_PREPROCESSOR_DEFINITIONS = (
					"DEBUG=1",
					"$(inherited)",
				);
				INFOPLIST_FILE = CatalystTests/Info.plist;
				LD_RUNPATH_SEARCH_PATHS = "$(inherited) @executable_path/Frameworks @loader_path/Frameworks";
				PRODUCT_NAME = "$(TARGET_NAME)";
				TEST_HOST = "$(BUILT_PRODUCTS_DIR)/Catalyst.app/Catalyst";
			};
			name = Debug;
		};
		BA1983261A8C1E32008CD020 /* Release */ = {
			isa = XCBuildConfiguration;
			buildSettings = {
				BUNDLE_LOADER = "$(TEST_HOST)";
				FRAMEWORK_SEARCH_PATHS = (
					"$(SDKROOT)/Developer/Library/Frameworks",
					"$(inherited)",
				);
				INFOPLIST_FILE = CatalystTests/Info.plist;
				LD_RUNPATH_SEARCH_PATHS = "$(inherited) @executable_path/Frameworks @loader_path/Frameworks";
				PRODUCT_NAME = "$(TARGET_NAME)";
				TEST_HOST = "$(BUILT_PRODUCTS_DIR)/Catalyst.app/Catalyst";
			};
			name = Release;
		};
/* End XCBuildConfiguration section */

/* Begin XCConfigurationList section */
		BA1982FD1A8C1E31008CD020 /* Build configuration list for PBXProject "Catalyst" */ = {
			isa = XCConfigurationList;
			buildConfigurations = (
				BA19831F1A8C1E32008CD020 /* Debug */,
				BA1983201A8C1E32008CD020 /* Release */,
			);
			defaultConfigurationIsVisible = 0;
			defaultConfigurationName = Release;
		};
		BA1983211A8C1E32008CD020 /* Build configuration list for PBXNativeTarget "Catalyst" */ = {
			isa = XCConfigurationList;
			buildConfigurations = (
				BA1983221A8C1E32008CD020 /* Debug */,
				BA1983231A8C1E32008CD020 /* Release */,
			);
			defaultConfigurationIsVisible = 0;
			defaultConfigurationName = Release;
		};
		BA1983241A8C1E32008CD020 /* Build configuration list for PBXNativeTarget "CatalystTests" */ = {
			isa = XCConfigurationList;
			buildConfigurations = (
				BA1983251A8C1E32008CD020 /* Debug */,
				BA1983261A8C1E32008CD020 /* Release */,
			);
			defaultConfigurationIsVisible = 0;
			defaultConfigurationName = Release;
		};
/* End XCConfigurationList section */
	};
	rootObject = BA1982FA1A8C1E31008CD020 /* Project object */;
}
